
Microsoft Visual Studio Solution File, Format Version 12.00
# Visual Studio Version 16
VisualStudioVersion = 16.0.29926.136
MinimumVisualStudioVersion = 10.0.40219.1
Project("{FAE04EC0-301F-11D3-BF4B-00C04F79EFBC}") = "FLORA", "FLORA\FLORA.csproj", "{09BD5F05-9B85-4133-BCF4-7A43B774C62F}"
EndProject
Global
	GlobalSection(SolutionConfigurationPlatforms) = preSolution
		Debug|Any CPU = Debug|Any CPU
		Release|Any CPU = Release|Any CPU
	EndGlobalSection
	GlobalSection(ProjectConfigurationPlatforms) = postSolution
		{09BD5F05-9B85-4133-BCF4-7A43B774C62F}.Debug|Any CPU.ActiveCfg = Debug|Any CPU
		{09BD5F05-9B85-4133-BCF4-7A43B774C62F}.Debug|Any CPU.Build.0 = Debug|Any CPU
		{09BD5F05-9B85-4133-BCF4-7A43B774C62F}.Release|Any CPU.ActiveCfg = Release|Any CPU
		{09BD5F05-9B85-4133-BCF4-7A43B774C62F}.Release|Any CPU.Build.0 = Release|Any CPU
	EndGlobalSection
	GlobalSection(SolutionProperties) = preSolution
		HideSolutionNode = FALSE
	EndGlobalSection
	GlobalSection(ExtensibilityGlobals) = postSolution
		SolutionGuid = {67127A54-F57F-45E6-8721-E1D95B9FFD8A}
	EndGlobalSection
EndGlobal
